Microsoft Visual Studio Solution File, Format Version 12.00
# Visual Studio Version 17
VisualStudioVersion = 17.5.2.0
MinimumVisualStudioVersion = 10.0.40219.1
Project("{FAE04EC0-301F-11D3-BF4B-00C04F79EFBC}") = "Investing", "Investing.csproj", "{552995A9-DCB5-1C2C-68D3-05D26AFBADA5}"
EndProject
Global
	GlobalSection(SolutionConfigurationPlatforms) = preSolution
		Debug|Any CPU = Debug|Any CPU
		Release|Any CPU = Release|Any CPU
	EndGlobalSection
	GlobalSection(ProjectConfigurationPlatforms) = postSolution
		{552995A9-DCB5-1C2C-68D3-05D26AFBADA5}.Debug|Any CPU.ActiveCfg = Debug|Any CPU
		{552995A9-DCB5-1C2C-68D3-05D26AFBADA5}.Debug|Any CPU.Build.0 = Debug|Any CPU
		{552995A9-DCB5-1C2C-68D3-05D26AFBADA5}.Release|Any CPU.ActiveCfg = Release|Any CPU
		{552995A9-DCB5-1C2C-68D3-05D26AFBADA5}.Release|Any CPU.Build.0 = Release|Any CPU
	EndGlobalSection
	GlobalSection(SolutionProperties) = preSolution
		HideSolutionNode = FALSE
	EndGlobalSection
	GlobalSection(ExtensibilityGlobals) = postSolution
		SolutionGuid = {22E32071-E0C4-4380-9BE2-C4201CF4F0D2}
	EndGlobalSection
EndGlobal
